{
    "_meta": {
        "hash": {
            "sha256": "bd6dde4f32c03b8d0703504dfb6e8a7c05d0038d2aae1dfbe7b8cf43ed288150"
        },
        "pipfile-spec": 6,
        "requires": {
            "python_version": "3.6"
        },
        "sources": [
            {
                "name": "pypi",
                "url": "https://pypi.org/simple",
                "verify_ssl": true
            }
        ]
    },
    "default": {
        "aioredis": {
            "hashes": [
                "sha256:15f8af30b044c771aee6787e5ec24694c048184c7b9e54c3b60c750a4b93273a",
                "sha256:b61808d7e97b7cd5a92ed574937a079c9387fdadd22bfbfa7ad2fd319ecc26e3"
            ],
            "version": "==1.3.1"
        },
        "asgiref": {
            "hashes": [
                "sha256:9b05dcd41a6a89ca8c6e7f7e4089c3f3e76b5af60aebb81ae6d455ad81989c97",
                "sha256:b21dc4c43d7aba5a844f4c48b8f49d56277bc34937fd9f9cb93ec97fde7e3082"
            ],
            "version": "==2.3.2"
        },
        "async-timeout": {
            "hashes": [
                "sha256:0c3c816a028d47f659d6ff5c745cb2acf1f966da1fe5c19c77a70282b25f4c5f",
                "sha256:4291ca197d287d274d0b6cb5d6f8f8f82d434ed288f962539ff18cc9012f9ea3"
            ],
            "version": "==3.0.1"
        },
        "attrs": {
            "hashes": [
                "sha256:08a96c641c3a74e44eb59afb61a24f2cb9f4d7188748e76ba4bb5edfa3cb7d1c",
                "sha256:f7b7ce16570fe9965acd6d30101a28f62fb4a7f9e926b3bbc9b61f8b04247e72"
            ],
            "version": "==19.3.0"
        },
        "autobahn": {
            "hashes": [
                "sha256:ac8225bbdf05a04389f0c9378871a9a95698d7b5e02575ab16a99f8cb3e1d6b3",
                "sha256:c6fe745d52ba9f9eecf791cd31f558df42aebfc4f9ee558a8f1d18c707e1ae1f"
            ],
            "version": "==20.4.3"
        },
        "automat": {
            "hashes": [
                "sha256:7979803c74610e11ef0c0d68a2942b152df52da55336e0c9d58daf1831cbdf33",
                "sha256:b6feb6455337df834f6c9962d6ccf771515b7d939bca142b29c20c2376bc6111"
            ],
            "version": "==20.2.0"
        },
        "certifi": {
            "hashes": [
                "sha256:1d987a998c75633c40847cc966fcf5904906c920a7f17ef374f5aa4282abd304",
                "sha256:51fcb31174be6e6664c5f69e3e1691a2d72a1a12e90f872cbdb1567eb47b6519"
            ],
            "version": "==2020.4.5.1"
        },
        "cffi": {
            "hashes": [
                "sha256:001bf3242a1bb04d985d63e138230802c6c8d4db3668fb545fb5005ddf5bb5ff",
                "sha256:00789914be39dffba161cfc5be31b55775de5ba2235fe49aa28c148236c4e06b",
                "sha256:028a579fc9aed3af38f4892bdcc7390508adabc30c6af4a6e4f611b0c680e6ac",
                "sha256:14491a910663bf9f13ddf2bc8f60562d6bc5315c1f09c704937ef17293fb85b0",
                "sha256:1cae98a7054b5c9391eb3249b86e0e99ab1e02bb0cc0575da191aedadbdf4384",
                "sha256:2089ed025da3919d2e75a4d963d008330c96751127dd6f73c8dc0c65041b4c26",
                "sha256:2d384f4a127a15ba701207f7639d94106693b6cd64173d6c8988e2c25f3ac2b6",
                "sha256:337d448e5a725bba2d8293c48d9353fc68d0e9e4088d62a9571def317797522b",
                "sha256:399aed636c7d3749bbed55bc907c3288cb43c65c4389964ad5ff849b6370603e",
                "sha256:3b911c2dbd4f423b4c4fcca138cadde747abdb20d196c4a48708b8a2d32b16dd",
                "sha256:3d311bcc4a41408cf5854f06ef2c5cab88f9fded37a3b95936c9879c1640d4c2",
                "sha256:62ae9af2d069ea2698bf536dcfe1e4eed9090211dbaafeeedf5cb6c41b352f66",
                "sha256:66e41db66b47d0d8672d8ed2708ba91b2f2524ece3dee48b5dfb36be8c2f21dc",
                "sha256:675686925a9fb403edba0114db74e741d8181683dcf216be697d208857e04ca8",
                "sha256:7e63cbcf2429a8dbfe48dcc2322d5f2220b77b2e17b7ba023d6166d84655da55",
                "sha256:8a6c688fefb4e1cd56feb6c511984a6c4f7ec7d2a1ff31a10254f3c817054ae4",
                "sha256:8c0ffc886aea5df6a1762d0019e9cb05f825d0eec1f520c51be9d198701daee5",
                "sha256:95cd16d3dee553f882540c1ffe331d085c9e629499ceadfbda4d4fde635f4b7d",
                "sha256:99f748a7e71ff382613b4e1acc0ac83bf7ad167fb3802e35e90d9763daba4d78",
                "sha256:b8c78301cefcf5fd914aad35d3c04c2b21ce8629b5e4f4e45ae6812e461910fa",
                "sha256:c420917b188a5582a56d8b93bdd8e0f6eca08c84ff623a4c16e809152cd35793",
                "sha256:c43866529f2f06fe0edc6246eb4faa34f03fe88b64a0a9a942561c8e22f4b71f",
                "sha256:cab50b8c2250b46fe738c77dbd25ce017d5e6fb35d3407606e7a4180656a5a6a",
                "sha256:cef128cb4d5e0b3493f058f10ce32365972c554572ff821e175dbc6f8ff6924f",
                "sha256:cf16e3cf6c0a5fdd9bc10c21687e19d29ad1fe863372b5543deaec1039581a30",
                "sha256:e56c744aa6ff427a607763346e4170629caf7e48ead6921745986db3692f987f",
                "sha256:e577934fc5f8779c554639376beeaa5657d54349096ef24abe8c74c5d9c117c3",
                "sha256:f2b0fa0c01d8a0c7483afd9f31d7ecf2d71760ca24499c8697aeb5ca37dc090c"
            ],
            "version": "==1.14.0"
        },
        "channels": {
            "hashes": [
                "sha256:173441ccf2ac3a93c3b4f86135db301cbe95be58f5815c1e071f2e7154c192a2",
                "sha256:3c308108161596ddaa1b9e9f0ed9568a34ee4ebefaa33bc9cc4e941561363add"
            ],
            "index": "pypi",
            "version": "==2.1.2"
        },
        "channels-redis": {
            "hashes": [
                "sha256:5c2bde69a205efd448fe012d09d320dbdeb4a37212c0999fc250ea9730a79905",
                "sha256:997630e71b8b4d9f9bd0f6ac2562c146b7ffea0e89c8d3347c0eccc1e4f7d155"
            ],
            "index": "pypi",
            "version": "==2.2.1"
        },
        "chardet": {
            "hashes": [
                "sha256:84ab92ed1c4d4f16916e05906b6b75a6c0fb5db821cc65e70cbd64a3e2a5eaae",
                "sha256:fc323ffcaeaed0e0a02bf4d117757b98aed530d9ed4531e3e15460124c106691"
            ],
            "version": "==3.0.4"
        },
        "class-registry": {
            "hashes": [
                "sha256:678bdb0322566c07a4d8905140d364bd34a73baf46bf7580fc2e06fa994d4e7e",
                "sha256:cfb855514753e2edfe8d88b14a6e449820682fe0983efe61b83df28b688b3e5a"
            ],
            "version": "==2.1.2"
        },
        "constantly": {
            "hashes": [
                "sha256:586372eb92059873e29eba4f9dec8381541b4d3834660707faf8ba59146dfc35",
                "sha256:dd2fa9d6b1a51a83f0d7dd76293d734046aa176e384bf6e33b7e44880eb37c5d"
            ],
            "version": "==15.1.0"
        },
        "cryptography": {
            "hashes": [
                "sha256:091d31c42f444c6f519485ed528d8b451d1a0c7bf30e8ca583a0cac44b8a0df6",
                "sha256:18452582a3c85b96014b45686af264563e3e5d99d226589f057ace56196ec78b",
                "sha256:1dfa985f62b137909496e7fc182dac687206d8d089dd03eaeb28ae16eec8e7d5",
                "sha256:1e4014639d3d73fbc5ceff206049c5a9a849cefd106a49fa7aaaa25cc0ce35cf",
                "sha256:22e91636a51170df0ae4dcbd250d318fd28c9f491c4e50b625a49964b24fe46e",
                "sha256:3b3eba865ea2754738616f87292b7f29448aec342a7c720956f8083d252bf28b",
                "sha256:651448cd2e3a6bc2bb76c3663785133c40d5e1a8c1a9c5429e4354201c6024ae",
                "sha256:726086c17f94747cedbee6efa77e99ae170caebeb1116353c6cf0ab67ea6829b",
                "sha256:844a76bc04472e5135b909da6aed84360f522ff5dfa47f93e3dd2a0b84a89fa0",
                "sha256:88c881dd5a147e08d1bdcf2315c04972381d026cdb803325c03fe2b4a8ed858b",
                "sha256:96c080ae7118c10fcbe6229ab43eb8b090fccd31a09ef55f83f690d1ef619a1d",
                "sha256:a0c30272fb4ddda5f5ffc1089d7405b7a71b0b0f51993cb4e5dbb4590b2fc229",
                "sha256:bb1f0281887d89617b4c68e8db9a2c42b9efebf2702a3c5bf70599421a8623e3",
                "sha256:c447cf087cf2dbddc1add6987bbe2f767ed5317adb2d08af940db517dd704365",
                "sha256:c4fd17d92e9d55b84707f4fd09992081ba872d1a0c610c109c18e062e06a2e55",
                "sha256:d0d5aeaedd29be304848f1c5059074a740fa9f6f26b84c5b63e8b29e73dfc270",
                "sha256:daf54a4b07d67ad437ff239c8a4080cfd1cc7213df57d33c97de7b4738048d5e",
                "sha256:e993468c859d084d5579e2ebee101de8f5a27ce8e2159959b6673b418fd8c785",
                "sha256:f118a95c7480f5be0df8afeb9a11bd199aa20afab7a96bcf20409b411a3a85f0"
            ],
            "version": "==2.9.2"
        },
        "daphne": {
            "hashes": [
                "sha256:5b28ce1c5bf44ec3c13109bb8783e39e3e90d7384fd3dad4bb773425dd439d84",
                "sha256:ea058f94b0e9fedf6fc604f47d192d81313c0f014ebd7c1160487f34187bb266"
            ],
            "index": "pypi",
            "version": "==2.2.0"
        },
        "dj-database-url": {
            "hashes": [
                "sha256:4aeaeb1f573c74835b0686a2b46b85990571159ffc21aa57ecd4d1e1cb334163",
                "sha256:851785365761ebe4994a921b433062309eb882fedd318e1b0fcecc607ed02da9"
            ],
            "index": "pypi",
            "version": "==0.5.0"
        },
        "django": {
            "hashes": [
                "sha256:84f370f6acedbe1f3c41e1a02de44ac206efda3355e427139ecb785b5f596d80",
                "sha256:e8fe3c2b2212dce6126becab7a693157f1a441a07b62ec994c046c76af5bb66d"
            ],
            "index": "pypi",
            "version": "==2.2.13"
        },
        "django-filter": {
            "hashes": [
                "sha256:ea204242ea83790e1512c9d0d8255002a652a6f4986e93cee664f28955ba0c22",
                "sha256:ec0ef1ba23ef95b1620f5d481334413700fb33f45cd76d56a63f4b0b1d76976a"
            ],
            "index": "pypi",
            "version": "==1.1.0"
        },
        "django-heroku": {
            "hashes": [
                "sha256:2bc690aab89eedbe01311752320a9a12e7548e3b0ed102681acc5736a41a4762",
                "sha256:6af4bc3ae4a9b55eaad6dbe5164918982d2762661aebc9f83d9fa49f6009514e"
            ],
            "index": "pypi",
            "version": "==0.3.1"
        },
        "django-oauth-toolkit": {
            "hashes": [
                "sha256:ad1b76275950ebbff708222cec57bbdb879f89bac7df6b9dee0f4b9db485c264"
            ],
            "index": "pypi",
            "version": "==1.2.0"
        },
        "djangorestframework": {
            "hashes": [
                "sha256:b6714c3e4b0f8d524f193c91ecf5f5450092c2145439ac2769711f7eba89a9d9",
                "sha256:c375e4f95a3a64fccac412e36fb42ba36881e52313ec021ef410b40f67cddca4"
            ],
            "index": "pypi",
            "version": "==3.8.2"
        },
        "drf-url-filters": {
            "hashes": [
                "sha256:fdae4c970fd8ec7b19be825e238490d57b6155c76731732ed5edb250b044f973"
            ],
            "index": "pypi",
            "version": "==0.5.1"
        },
        "filters": {
            "hashes": [
                "sha256:248150dfd768f9211f4c897696f3f4c370697e0f19b9c1f85577a27495b18496",
                "sha256:b74fad6a7885f1380dd12fde0f849e8c5e459919ce314f76c2352064c7a30796"
            ],
            "index": "pypi",
            "version": "==1.3.2"
        },
        "gunicorn": {
            "hashes": [
                "sha256:7ef2b828b335ed58e3b64ffa84caceb0a7dd7c5ca12f217241350dec36a1d5dc",
                "sha256:bc59005979efb6d2dd7d5ba72d99f8a8422862ad17ff3a16e900684630dd2a10"
            ],
            "index": "pypi",
            "version": "==19.8.1"
        },
        "hiredis": {
            "hashes": [
                "sha256:01b577f84c20ecc9c07fc4c184231b08e3c3942de096fa99978e053de231c423",
                "sha256:01ff0900134166961c9e339df77c33b72f7edc5cb41739f0babcd9faa345926e",
                "sha256:03ed34a13316d0c34213c4fd46e0fa3a5299073f4d4f08e93fed8c2108b399b3",
                "sha256:040436e91df5143aff9e0debb49530d0b17a6bd52200ce568621c31ef581b10d",
                "sha256:091eb38fbf968d1c5b703e412bbbd25f43a7967d8400842cee33a5a07b33c27b",
                "sha256:102f9b9dc6ed57feb3a7c9bdf7e71cb7c278fe8df1edfcfe896bc3e0c2be9447",
                "sha256:2b4b392c7e3082860c8371fab3ae762139090f9115819e12d9f56060f9ede05d",
                "sha256:2c9cc0b986397b833073f466e6b9e9c70d1d4dc2c2c1b3e9cae3a23102ff296c",
                "sha256:2fa65a9df683bca72073cd77709ddeb289ea2b114d3775d225fbbcc5faf808c5",
                "sha256:38437a681f17c975fd22349e72c29bc643f8e7eb2d6dc5df419eac59afa4d7ce",
                "sha256:3b3428fa3cf1ee178807b52c9bee8950ab94cd4eaa9bfae8c1bbae3c49501d34",
                "sha256:3dd8c2fae7f5494978facb0e93297dd627b1a3f536f3b070cf0a7d9157a07dcb",
                "sha256:4414a96c212e732723b5c3d7c04d386ebbb2ec359e1de646322cbc3f875cbd0d",
                "sha256:48c627581ad4ef60adbac980981407939acf13a0e18f093502c7b542223c4f19",
                "sha256:4a60e71625a2d78d8ab84dfb2fa2cfd9458c964b6e6c04fea76d9ade153fb371",
                "sha256:585ace09f434e43d8a8dbeb366865b1a044d7c06319b3c7372a0a00e63b860f4",
                "sha256:74b364b3f06c9cf0a53f7df611045bc9437ed972a283fa1f0b12537236d23ddc",
                "sha256:75c65c3850e89e9daa68d1b9bedd5806f177d60aa5a7b0953b4829481cfc1f72",
                "sha256:7f052de8bf744730a9120dbdc67bfeb7605a01f69fb8e7ba5c475af33c24e145",
                "sha256:8113a7d5e87ecf57cd4ae263cc9e429adb9a3e59f5a7768da5d3312a8d0a051a",
                "sha256:84857ce239eb8ed191ac78e77ff65d52902f00f30f4ee83bf80eb71da73b70e6",
                "sha256:8644a48ddc4a40b3e3a6b9443f396c2ee353afb2d45656c4fc68d04a82e8e3f7",
                "sha256:936aa565e673536e8a211e43ec43197406f24cd1f290138bd143765079c8ba00",
                "sha256:9afeb88c67bbc663b9f27385c496da056d06ad87f55df6e393e1516cfecb0461",
                "sha256:9d62cc7880110e4f83b0a51d218f465d3095e2751fbddd34e553dbd106a929ff",
                "sha256:a1fadd062fc8d647ff39220c57ea2b48c99bb73f18223828ec97f88fc27e7898",
                "sha256:a7754a783b1e5d6f627c19d099b178059c62f782ab62b4d8ba165b9fbc2ee34c",
                "sha256:aa59dd63bb3f736de4fc2d080114429d5d369dfb3265f771778e8349d67a97a4",
                "sha256:ae2ee0992f8de249715435942137843a93db204dd7db1e7cc9bdc5a8436443e8",
                "sha256:b36842d7cf32929d568f37ec5b3173b72b2ec6572dec4d6be6ce774762215aee",
                "sha256:bcbf9379c553b5facc6c04c1e5569b44b38ff16bcbf354676287698d61ee0c92",
                "sha256:cbccbda6f1c62ab460449d9c85fdf24d0d32a6bf45176581151e53cc26a5d910",
                "sha256:d0caf98dfb8af395d6732bd16561c0a2458851bea522e39f12f04802dbf6f502",
                "sha256:d6456afeddba036def1a36d8a2758eca53202308d83db20ab5d0b66590919627",
                "sha256:dbaef9a21a4f10bc281684ee4124f169e62bb533c2a92b55f8c06f64f9af7b8f",
                "sha256:dce84916c09aaece006272b37234ae84a8ed13abb3a4d341a23933b8701abfb5",
                "sha256:eb8c9c8b9869539d58d60ff4a28373a22514d40495911451343971cb4835b7a9",
                "sha256:efc98b14ee3a8595e40b1425e8d42f5fd26f11a7b215a81ef9259068931754f4",
                "sha256:fa2dc05b87d97acc1c6ae63f3e0f39eae5246565232484b08db6bf2dc1580678",
                "sha256:fe7d6ce9f6a5fbe24f09d95ea93e9c7271abc4e1565da511e1449b107b4d7848"
            ],
            "version": "==1.0.1"
        },
        "hyperlink": {
            "hashes": [
                "sha256:4288e34705da077fada1111a24a0aa08bb1e76699c9ce49876af722441845654",
                "sha256:ab4a308feb039b04f855a020a6eda3b18ca5a68e6d8f8c899cbe9e653721d04f"
            ],
            "version": "==19.0.0"
        },
        "idna": {
            "hashes": [
                "sha256:7588d1c14ae4c77d74036e8c22ff447b26d0fde8f007354fd48a7814db15b7cb",
                "sha256:a068a21ceac8a4d63dbfd964670474107f541babbd2250d61922f029858365fa"
            ],
            "version": "==2.9"
        },
        "incremental": {
            "hashes": [
                "sha256:717e12246dddf231a349175f48d74d93e2897244939173b01974ab6661406b9f",
                "sha256:7b751696aaf36eebfab537e458929e194460051ccad279c72b755a167eebd4b3"
            ],
            "version": "==17.5.0"
        },
        "msgpack": {
            "hashes": [
                "sha256:0b3b1773d2693c70598585a34ca2715873ba899565f0a7c9a1545baef7e7fbdc",
                "sha256:0bae5d1538c5c6a75642f75a1781f3ac2275d744a92af1a453c150da3446138b",
                "sha256:0ee8c8c85aa651be3aa0cd005b5931769eaa658c948ce79428766f1bd46ae2c3",
                "sha256:1369f9edba9500c7a6489b70fdfac773e925342f4531f1e3d4c20ac3173b1ae0",
                "sha256:22d9c929d1d539f37da3d1b0e16270fa9d46107beab8c0d4d2bddffffe895cee",
                "sha256:2ff43e3247a1e11d544017bb26f580a68306cec7a6257d8818893c1fda665f42",
                "sha256:31a98047355d34d047fcdb55b09cb19f633cf214c705a765bd745456c142130c",
                "sha256:8767eb0032732c3a0da92cbec5ac186ef89a3258c6edca09161472ca0206c45f",
                "sha256:8acc8910218555044e23826980b950e96685dc48124a290c86f6f41a296ea172",
                "sha256:ab189a6365be1860a5ecf8159c248f12d33f79ea799ae9695fa6a29896dcf1d4",
                "sha256:cfd6535feb0f1cf1c7cdb25773e965cc9f92928244a8c3ef6f8f8a8e1f7ae5c4",
                "sha256:e274cd4480d8c76ec467a85a9c6635bbf2258f0649040560382ab58cabb44bcf",
                "sha256:f86642d60dca13e93260187d56c2bef2487aa4d574a669e8ceefcf9f4c26fd00",
                "sha256:f8a57cbda46a94ed0db55b73e6ab0c15e78b4ede8690fa491a0e55128d552bb0",
                "sha256:fcea97a352416afcbccd7af9625159d80704a25c519c251c734527329bb20d0e"
            ],
            "version": "==0.5.6"
        },
        "oauth2-provider": {
            "hashes": [
                "sha256:9f8fb12a3f6d9dbcc572f2d824f251788d50927ec01569c90da909a1c14ca1e7"
            ],
            "index": "pypi",
            "version": "==0.0"
        },
        "oauthlib": {
            "hashes": [
                "sha256:bee41cc35fcca6e988463cacc3bcb8a96224f470ca547e697b604cc697b2f889",
                "sha256:df884cd6cbe20e32633f1db1072e9356f53638e4361bef4e8b03c9127c9328ea"
            ],
            "version": "==3.1.0"
        },
        "pillow": {
            "hashes": [
                "sha256:00633bc2ec40313f4daf351855e506d296ec3c553f21b66720d0f1225ca84c6f",
                "sha256:040144ba422216aecf7577484865ade90e1a475f867301c48bf9fbd7579efd76",
                "sha256:16246261ff22368e5e32ad74d5ef40403ab6895171a7fc6d34f6c17cfc0f1943",
                "sha256:1cb38df69362af35c14d4a50123b63c7ff18ec9a6d4d5da629a6f19d05e16ba8",
                "sha256:3b4560c3891b05022c464b09121bd507c477505a4e19d703e1027a3a7c68d896",
                "sha256:438a3faf5f702c8d0f80b9f9f9b8382cfa048ca6a0d64ef71b86b563b0ee0359",
                "sha256:4d32c8e3623a61d6e29ccd024066cd1ba556555abfb4cd714155020e00107e3f",
                "sha256:4d8077fd649ac40a5c4165f2c22fa2a4ad18c668e271ecb2f9d849d1017a9313",
                "sha256:62ec7ae98357fcd46002c110bb7cad15fce532776f0cbe7ca1d44c49b837d49d",
                "sha256:6eca36905444c4b91fe61f1b9933a47a30480738a1dd26501ff67d94fc2bc112",
                "sha256:7673e7473a13107059377c96c563aa36f73184c29d2926882e0a0210b779a1e7",
                "sha256:81762cf5fca9a82b53b7b2d0e6b420e0f3b06167b97678c81d00470daa622d58",
                "sha256:9b66e968da9c4393f5795285528bc862c7b97b91251f31a08004a3c626d18114",
                "sha256:b48401752496757e95304a46213c3155bc911ac884bed2e9b275ce1c1df3e293",
                "sha256:b6cf18f9e653a8077522bb3aa753a776b117e3e0cc872c25811cfdf1459491c2",
                "sha256:bb8adab1877e9213385cbb1adc297ed8337e01872c42a30cfaa66ff8c422779c",
                "sha256:cee9bc75bff455d317b6947081df0824a8f118de2786dc3d74a3503fd631f4ef",
                "sha256:d0dc1313dff48af64517cbbd85e046d6b477fbe5e9d69712801f024dcb08c62b",
                "sha256:e52e8f675ba0b2b417fa98579e7286a41a8e23871f17f4793772f5aa884fea79",
                "sha256:e87cc1acbebf263f308a8494272c2d42016aa33c32bf14d209c81e1f65e11868",
                "sha256:ea0091cd4100519cedfeea2c659f52291f535ac6725e2368bcf59e874f270efa",
                "sha256:eeb247f4f4d962942b3b555530b0c63b77473c7bfe475e51c6b75b7344b49ce3",
                "sha256:f0d4433adce6075efd24fc0285135248b0b50f5a58129c7e552030e04fe45c7f",
                "sha256:f1f3bd92f8e12dc22884935a73c9f94c4d9bd0d34410c456540713d6b7832b8c",
                "sha256:f5f302db65e2e0ae96e26670818157640d3ca83a3054c290eff3631598dcf819",
                "sha256:f7634d534662bbb08976db801ba27a112aee23e597eeaf09267b4575341e45bf",
                "sha256:fe6931db24716a0845bd8c8915bd096b77c2a7043e6fc59ae9ca364fe816f08b"
            ],
            "index": "pypi",
            "version": "==5.1.0"
        },
        "psycopg2": {
            "hashes": [
                "sha256:0b9e48a1c1505699a64ac58815ca99104aacace8321e455072cee4f7fe7b2698",
                "sha256:0f4c784e1b5a320efb434c66a50b8dd7e30a7dc047e8f45c0a8d2694bfe72781",
                "sha256:0fdbaa32c9eb09ef09d425dc154628fca6fa69d2f7c1a33f889abb7e0efb3909",
                "sha256:11fbf688d5c953c0a5ba625cc42dea9aeb2321942c7c5ed9341a68f865dc8cb1",
                "sha256:19eaac4eb25ab078bd0f28304a0cb08702d120caadfe76bb1e6846ed1f68635e",
                "sha256:3232ec1a3bf4dba97fbf9b03ce12e4b6c1d01ea3c85773903a67ced725728232",
                "sha256:36f8f9c216fcca048006f6dd60e4d3e6f406afde26cfb99e063f137070139eaf",
                "sha256:59c1a0e4f9abe970062ed35d0720935197800a7ef7a62b3a9e3a70588d9ca40b",
                "sha256:6506c5ff88750948c28d41852c09c5d2a49f51f28c6d90cbf1b6808e18c64e88",
                "sha256:6bc3e68ee16f571681b8c0b6d5c0a77bef3c589012352b3f0cf5520e674e9d01",
                "sha256:6dbbd7aabbc861eec6b910522534894d9dbb507d5819bc982032c3ea2e974f51",
                "sha256:6e737915de826650d1a5f7ff4ac6cf888a26f021a647390ca7bafdba0e85462b",
                "sha256:6ed9b2cfe85abc720e8943c1808eeffd41daa73e18b7c1e1a228b0b91f768ccc",
                "sha256:711ec617ba453fdfc66616db2520db3a6d9a891e3bf62ef9aba4c95bb4e61230",
                "sha256:844dacdf7530c5c612718cf12bc001f59b2d9329d35b495f1ff25045161aa6af",
                "sha256:86b52e146da13c896e50c5a3341a9448151f1092b1a4153e425d1e8b62fec508",
                "sha256:985c06c2a0f227131733ae58d6a541a5bc8b665e7305494782bebdb74202b793",
                "sha256:a86dfe45f4f9c55b1a2312ff20a59b30da8d39c0e8821d00018372a2a177098f",
                "sha256:aa3cd07f7f7e3183b63d48300666f920828a9dbd7d7ec53d450df2c4953687a9",
                "sha256:b1964ed645ef8317806d615d9ff006c0dadc09dfc54b99ae67f9ba7a1ec9d5d2",
                "sha256:b2abbff9e4141484bb89b96eb8eae186d77bc6d5ffbec6b01783ee5c3c467351",
                "sha256:cc33c3a90492e21713260095f02b12bee02b8d1f2c03a221d763ce04fa90e2e9",
                "sha256:d7de3bf0986d777807611c36e809b77a13bf1888f5c8db0ebf24b47a52d10726",
                "sha256:db5e3c52576cc5b93a959a03ccc3b02cb8f0af1fbbdc80645f7a215f0b864f3a",
                "sha256:e168aa795ffbb11379c942cf95bf813c7db9aa55538eb61de8c6815e092416f5",
                "sha256:e9ca911f8e2d3117e5241d5fa9aaa991cb22fb0792627eeada47425d706b5ec8",
                "sha256:eccf962d41ca46e6326b97c8fe0a6687b58dfc1a5f6540ed071ff1474cea749e",
                "sha256:efa19deae6b9e504a74347fe5e25c2cb9343766c489c2ae921b05f37338b18d1",
                "sha256:f4b0460a21f784abe17b496f66e74157a6c36116fa86da8bf6aa028b9e8ad5fe",
                "sha256:f93d508ca64d924d478fb11e272e09524698f0c581d9032e68958cfbdd41faef"
            ],
            "index": "pypi",
            "version": "==2.7.5"
        },
        "pycparser": {
            "hashes": [
                "sha256:2d475327684562c3a96cc71adf7dc8c4f0565175cf86b6d7a404ff4c771f15f0",
                "sha256:7582ad22678f0fcd81102833f60ef8d0e57288b6b5fb00323d101be910e35705"
            ],
            "version": "==2.20"
        },
        "pyhamcrest": {
            "hashes": [
                "sha256:412e00137858f04bde0729913874a48485665f2d36fe9ee449f26be864af9316",
                "sha256:7ead136e03655af85069b6f47b23eb7c3e5c221aa9f022a4fbb499f5b7308f29"
            ],
            "version": "==2.0.2"
        },
        "python-dateutil": {
            "hashes": [
                "sha256:73ebfe9dbf22e832286dafa60473e4cd239f8592f699aa5adaf10050e6e1823c",
                "sha256:75bb3f31ea686f1197762692a9ee6a7550b59fc6ca3a1f4b5d7e32fb98e2da2a"
            ],
            "version": "==2.8.1"
        },
        "pytz": {
            "hashes": [
                "sha256:a494d53b6d39c3c6e44c3bec237336e14305e4f29bbf800b599253057fbb79ed",
                "sha256:c35965d010ce31b23eeb663ed3cc8c906275d6be1a34393a1d73a41febf4a048"
            ],
            "version": "==2020.1"
        },
        "regex": {
            "hashes": [
                "sha256:1386e75c9d1574f6aa2e4eb5355374c8e55f9aac97e224a8a5a6abded0f9c927",
                "sha256:27ff7325b297fb6e5ebb70d10437592433601c423f5acf86e5bc1ee2919b9561",
                "sha256:329ba35d711e3428db6b45a53b1b13a0a8ba07cbbcf10bbed291a7da45f106c3",
                "sha256:3a9394197664e35566242686d84dfd264c07b20f93514e2e09d3c2b3ffdf78fe",
                "sha256:51f17abbe973c7673a61863516bdc9c0ef467407a940f39501e786a07406699c",
                "sha256:579ea215c81d18da550b62ff97ee187b99f1b135fd894a13451e00986a080cad",
                "sha256:70c14743320a68c5dac7fc5a0f685be63bc2024b062fe2aaccc4acc3d01b14a1",
                "sha256:7e61be8a2900897803c293247ef87366d5df86bf701083b6c43119c7c6c99108",
                "sha256:8044d1c085d49673aadb3d7dc20ef5cb5b030c7a4fa253a593dda2eab3059929",
                "sha256:89d76ce33d3266173f5be80bd4efcbd5196cafc34100fdab814f9b228dee0fa4",
                "sha256:99568f00f7bf820c620f01721485cad230f3fb28f57d8fbf4a7967ec2e446994",
                "sha256:a7c37f048ec3920783abab99f8f4036561a174f1314302ccfa4e9ad31cb00eb4",
                "sha256:c2062c7d470751b648f1cacc3f54460aebfc261285f14bc6da49c6943bd48bdd",
                "sha256:c9bce6e006fbe771a02bda468ec40ffccbf954803b470a0345ad39c603402577",
                "sha256:ce367d21f33e23a84fb83a641b3834dd7dd8e9318ad8ff677fbfae5915a239f7",
                "sha256:ce450ffbfec93821ab1fea94779a8440e10cf63819be6e176eb1973a6017aff5",
                "sha256:ce5cc53aa9fbbf6712e92c7cf268274eaff30f6bd12a0754e8133d85a8fb0f5f",
                "sha256:d466967ac8e45244b9dfe302bbe5e3337f8dc4dec8d7d10f5e950d83b140d33a",
                "sha256:d881c2e657c51d89f02ae4c21d9adbef76b8325fe4d5cf0e9ad62f850f3a98fd",
                "sha256:e565569fc28e3ba3e475ec344d87ed3cd8ba2d575335359749298a0899fe122e",
                "sha256:ea55b80eb0d1c3f1d8d784264a6764f931e172480a2f1868f2536444c5f01e01"
            ],
            "version": "==2020.5.14"
        },
        "requests": {
            "hashes": [
                "sha256:43999036bfa82904b6af1d99e4882b560e5e2c68e5c4b0aa03b655f3d7d73fee",
                "sha256:b3f43d496c6daba4493e7c431722aeb7dbc6288f52a6e04e7b6023b0247817e6"
            ],
            "version": "==2.23.0"
        },
        "six": {
            "hashes": [
                "sha256:30639c035cdb23534cd4aa2dd52c3bf48f06e5f4a941509c8bafd8ce11080259",
                "sha256:8b74bedcbbbaca38ff6d7491d76f2b06b3592611af620f8426e82dddb04a5ced"
            ],
            "version": "==1.15.0"
        },
        "sqlparse": {
            "hashes": [
                "sha256:022fb9c87b524d1f7862b3037e541f68597a730a8843245c349fc93e1643dc4e",
                "sha256:e162203737712307dfe78860cc56c8da8a852ab2ee33750e33aeadf38d12c548"
            ],
            "version": "==0.3.1"
        },
        "twisted": {
            "hashes": [
                "sha256:040eb6641125d2a9a09cf198ec7b83dd8858c6f51f6770325ed9959c00f5098f",
                "sha256:147780b8caf21ba2aef3688628eaf13d7e7fe02a86747cd54bfaf2140538f042",
                "sha256:158ddb80719a4813d292293ac44ba41d8b56555ed009d90994a278237ee63d2c",
                "sha256:2182000d6ffc05d269e6c03bfcec8b57e20259ca1086180edaedec3f1e689292",
                "sha256:25ffcf37944bdad4a99981bc74006d735a678d2b5c193781254fbbb6d69e3b22",
                "sha256:3281d9ce889f7b21bdb73658e887141aa45a102baf3b2320eafcfba954fcefec",
                "sha256:356e8d8dd3590e790e3dba4db139eb8a17aca64b46629c622e1b1597a4a92478",
                "sha256:70952c56e4965b9f53b180daecf20a9595cf22b8d0935cd3bd664c90273c3ab2",
                "sha256:7408c6635ee1b96587289283ebe90ee15dbf9614b05857b446055116bc822d29",
                "sha256:7c547fd0215db9da8a1bc23182b309e84a232364cc26d829e9ee196ce840b114",
                "sha256:894f6f3cfa57a15ea0d0714e4283913a5f2511dbd18653dd148eba53b3919797",
                "sha256:94ac3d55a58c90e2075c5fe1853f2aa3892b73e3bf56395f743aefde8605eeaa",
                "sha256:a58e61a2a01e5bcbe3b575c0099a2bcb8d70a75b1a087338e0c48dd6e01a5f15",
                "sha256:c09c47ff9750a8e3aa60ad169c4b95006d455a29b80ad0901f031a103b2991cd",
                "sha256:ca3a0b8c9110800e576d89b5337373e52018b41069bc879f12fa42b7eb2d0274",
                "sha256:cd1dc5c85b58494138a3917752b54bb1daa0045d234b7c132c37a61d5483ebad",
                "sha256:cdbc4c7f0cd7a2218b575844e970f05a1be1861c607b0e048c9bceca0c4d42f7",
                "sha256:d267125cc0f1e8a0eed6319ba4ac7477da9b78a535601c49ecd20c875576433a",
                "sha256:d72c55b5d56e176563b91d11952d13b01af8725c623e498db5507b6614fc1e10",
                "sha256:d95803193561a243cb0401b0567c6b7987d3f2a67046770e1dccd1c9e49a9780",
                "sha256:e92703bed0cc21d6cb5c61d66922b3b1564015ca8a51325bd164a5e33798d504",
                "sha256:f058bd0168271de4dcdc39845b52dd0a4a2fecf5f1246335f13f5e96eaebb467",
                "sha256:f3c19e5bd42bbe4bf345704ad7c326c74d3fd7a1b3844987853bef180be638d4"
            ],
            "version": "==20.3.0"
        },
        "txaio": {
            "hashes": [
                "sha256:17938f2bca4a9cabce61346758e482ca4e600160cbc28e861493eac74a19539d",
                "sha256:38a469daf93c37e5527cb062653d6393ae11663147c42fab7ddc3f6d00d434ae"
            ],
            "version": "==20.4.1"
        },
        "urllib3": {
            "hashes": [
                "sha256:3018294ebefce6572a474f0604c2021e33b3fd8006ecd11d62107a5d2a963527",
                "sha256:88206b0eb87e6d677d424843ac5209e3fb9d0190d0ee169599165ec25e9d9115"
            ],
            "version": "==1.25.9"
        },
        "voluptuous": {
            "hashes": [
                "sha256:2abc341dbc740c5e2302c7f9b8e2e243194fb4772585b991931cb5b22e9bf456"
            ],
            "version": "==0.11.7"
        },
        "whitenoise": {
            "hashes": [
                "sha256:60154b976a13901414a25b0273a841145f77eb34a141f9ae032a0ace3e4d5b27",
                "sha256:6dd26bfda3af29177d8ab7333a0c7b7642eb615ce83764f4d15a9aecda3201c4"
            ],
            "version": "==5.1.0"
        },
        "zope.interface": {
            "hashes": [
                "sha256:0103cba5ed09f27d2e3de7e48bb320338592e2fabc5ce1432cf33808eb2dfd8b",
                "sha256:14415d6979356629f1c386c8c4249b4d0082f2ea7f75871ebad2e29584bd16c5",
                "sha256:1ae4693ccee94c6e0c88a4568fb3b34af8871c60f5ba30cf9f94977ed0e53ddd",
                "sha256:1b87ed2dc05cb835138f6a6e3595593fea3564d712cb2eb2de963a41fd35758c",
                "sha256:269b27f60bcf45438e8683269f8ecd1235fa13e5411de93dae3b9ee4fe7f7bc7",
                "sha256:27d287e61639d692563d9dab76bafe071fbeb26818dd6a32a0022f3f7ca884b5",
                "sha256:39106649c3082972106f930766ae23d1464a73b7d30b3698c986f74bf1256a34",
                "sha256:40e4c42bd27ed3c11b2c983fecfb03356fae1209de10686d03c02c8696a1d90e",
                "sha256:461d4339b3b8f3335d7e2c90ce335eb275488c587b61aca4b305196dde2ff086",
                "sha256:4f98f70328bc788c86a6a1a8a14b0ea979f81ae6015dd6c72978f1feff70ecda",
                "sha256:558a20a0845d1a5dc6ff87cd0f63d7dac982d7c3be05d2ffb6322a87c17fa286",
                "sha256:562dccd37acec149458c1791da459f130c6cf8902c94c93b8d47c6337b9fb826",
                "sha256:5e86c66a6dea8ab6152e83b0facc856dc4d435fe0f872f01d66ce0a2131b7f1d",
                "sha256:60a207efcd8c11d6bbeb7862e33418fba4e4ad79846d88d160d7231fcb42a5ee",
                "sha256:645a7092b77fdbc3f68d3cc98f9d3e71510e419f54019d6e282328c0dd140dcd",
                "sha256:6874367586c020705a44eecdad5d6b587c64b892e34305bb6ed87c9bbe22a5e9",
                "sha256:74bf0a4f9091131de09286f9a605db449840e313753949fe07c8d0fe7659ad1e",
                "sha256:7b726194f938791a6691c7592c8b9e805fc6d1b9632a833b9c0640828cd49cbc",
                "sha256:8149ded7f90154fdc1a40e0c8975df58041a6f693b8f7edcd9348484e9dc17fe",
                "sha256:8cccf7057c7d19064a9e27660f5aec4e5c4001ffcf653a47531bde19b5aa2a8a",
                "sha256:911714b08b63d155f9c948da2b5534b223a1a4fc50bb67139ab68b277c938578",
                "sha256:a5f8f85986197d1dd6444763c4a15c991bfed86d835a1f6f7d476f7198d5f56a",
                "sha256:a744132d0abaa854d1aad50ba9bc64e79c6f835b3e92521db4235a1991176813",
                "sha256:af2c14efc0bb0e91af63d00080ccc067866fb8cbbaca2b0438ab4105f5e0f08d",
                "sha256:b054eb0a8aa712c8e9030065a59b5e6a5cf0746ecdb5f087cca5ec7685690c19",
                "sha256:b0becb75418f8a130e9d465e718316cd17c7a8acce6fe8fe07adc72762bee425",
                "sha256:b1d2ed1cbda2ae107283befd9284e650d840f8f7568cb9060b5466d25dc48975",
                "sha256:ba4261c8ad00b49d48bbb3b5af388bb7576edfc0ca50a49c11dcb77caa1d897e",
                "sha256:d1fe9d7d09bb07228650903d6a9dc48ea649e3b8c69b1d263419cc722b3938e8",
                "sha256:d7804f6a71fc2dda888ef2de266727ec2f3915373d5a785ed4ddc603bbc91e08",
                "sha256:da2844fba024dd58eaa712561da47dcd1e7ad544a257482392472eae1c86d5e5",
                "sha256:dcefc97d1daf8d55199420e9162ab584ed0893a109f45e438b9794ced44c9fd0",
                "sha256:dd98c436a1fc56f48c70882cc243df89ad036210d871c7427dc164b31500dc11",
                "sha256:e74671e43ed4569fbd7989e5eecc7d06dc134b571872ab1d5a88f4a123814e9f",
                "sha256:eb9b92f456ff3ec746cd4935b73c1117538d6124b8617bc0fe6fda0b3816e345",
                "sha256:ebb4e637a1fb861c34e48a00d03cffa9234f42bef923aec44e5625ffb9a8e8f9",
                "sha256:ef739fe89e7f43fb6494a43b1878a36273e5924869ba1d866f752c5812ae8d58",
                "sha256:f40db0e02a8157d2b90857c24d89b6310f9b6c3642369852cdc3b5ac49b92afc",
                "sha256:f68bf937f113b88c866d090fea0bc52a098695173fc613b055a17ff0cf9683b6",
                "sha256:fb55c182a3f7b84c1a2d6de5fa7b1a05d4660d866b91dbf8d74549c57a1499e8"
            ],
            "version": "==5.1.0"
        }
    },
    "develop": {
        "django-cors-headers": {
            "hashes": [
                "sha256:0e9532628b3aa8806442d4d0b15e56112e6cfbef3735e13401935c98b842a2b4",
                "sha256:c7ec4816ec49416517b84f317499d1519db62125471922ab78d670474ed9b987"
            ],
            "index": "pypi",
            "version": "==2.2.0"
        }
    }
}
